
Microsoft Visual Studio Solution File, Format Version 12.00
# Visual Studio 15
VisualStudioVersion = 15.0.27703.1
MinimumVisualStudioVersion = 10.0.40219.1
Project("{FAE04EC0-301F-11D3-BF4B-00C04F79EFBC}") = "InfiniteDialogue", "InfiniteDialogue\InfiniteDialogue.csproj", "{ED0556F4-15CC-45FE-B972-7B2D24D6752E}"
EndProject
Global
	GlobalSection(SolutionConfigurationPlatforms) = preSolution
		Debug|Any CPU = Debug|Any CPU
		Release|Any CPU = Release|Any CPU
	EndGlobalSection
	GlobalSection(ProjectConfigurationPlatforms) = postSolution
		{ED0556F4-15CC-45FE-B972-7B2D24D6752E}.Debug|Any CPU.ActiveCfg = Debug|Any CPU
		{ED0556F4-15CC-45FE-B972-7B2D24D6752E}.Debug|Any CPU.Build.0 = Debug|Any CPU
		{ED0556F4-15CC-45FE-B972-7B2D24D6752E}.Release|Any CPU.ActiveCfg = Release|Any CPU
		{ED0556F4-15CC-45FE-B972-7B2D24D6752E}.Release|Any CPU.Build.0 = Release|Any CPU
	EndGlobalSection
	GlobalSection(SolutionProperties) = preSolution
		HideSolutionNode = FALSE
	EndGlobalSection
	GlobalSection(ExtensibilityGlobals) = postSolution
		SolutionGuid = {B1C8CED4-9E63-44FD-BC14-5608770F807C}
	EndGlobalSection
EndGlobal
